
Microsoft Visual Studio Solution File, Format Version 12.00
# Visual Studio Version 16
VisualStudioVersion = 16.0.29230.47
MinimumVisualStudioVersion = 10.0.40219.1
Project("{2150E333-8FDC-42A3-9474-1A3956D46DE8}") = "Interface", "Interface", "{CE3A7668-C38A-4012-9E59-E23723103E1E}"
EndProject
Project("{9A19103F-16F7-4668-BE54-9A1E7A4F7556}") = "MvvX.Plugins.Caching", "MvvX.Plugins.Caching\MvvX.Plugins.Caching.csproj", "{50A4AB0F-5E22-46A4-8436-9FAA3C5D87DE}"
EndProject
Project("{2150E333-8FDC-42A3-9474-1A3956D46DE8}") = "Tests", "Tests", "{B936CB30-521C-4C4E-98AA-D7A07862B34F}"
EndProject
Project("{FAE04EC0-301F-11D3-BF4B-00C04F79EFBC}") = "MvvX.Plugins.Caching.UnitTests", "MvvX.Plugins.Caching.UnitTests\MvvX.Plugins.Caching.UnitTests.csproj", "{6173A19A-FA39-4498-8B38-C5A50867A78A}"
EndProject
Global
	GlobalSection(SolutionConfigurationPlatforms) = preSolution
		Debug|Any CPU = Debug|Any CPU
		Release|Any CPU = Release|Any CPU
	EndGlobalSection
	GlobalSection(ProjectConfigurationPlatforms) = postSolution
		{50A4AB0F-5E22-46A4-8436-9FAA3C5D87DE}.Debug|Any CPU.ActiveCfg = Debug|Any CPU
		{50A4AB0F-5E22-46A4-8436-9FAA3C5D87DE}.Debug|Any CPU.Build.0 = Debug|Any CPU
		{50A4AB0F-5E22-46A4-8436-9FAA3C5D87DE}.Release|Any CPU.ActiveCfg = Release|Any CPU
		{50A4AB0F-5E22-46A4-8436-9FAA3C5D87DE}.Release|Any CPU.Build.0 = Release|Any CPU
		{6173A19A-FA39-4498-8B38-C5A50867A78A}.Debug|Any CPU.ActiveCfg = Debug|Any CPU
		{6173A19A-FA39-4498-8B38-C5A50867A78A}.Debug|Any CPU.Build.0 = Debug|Any CPU
		{6173A19A-FA39-4498-8B38-C5A50867A78A}.Release|Any CPU.ActiveCfg = Release|Any CPU
		{6173A19A-FA39-4498-8B38-C5A50867A78A}.Release|Any CPU.Build.0 = Release|Any CPU
	EndGlobalSection
	GlobalSection(SolutionProperties) = preSolution
		HideSolutionNode = FALSE
	EndGlobalSection
	GlobalSection(NestedProjects) = preSolution
		{50A4AB0F-5E22-46A4-8436-9FAA3C5D87DE} = {CE3A7668-C38A-4012-9E59-E23723103E1E}
		{6173A19A-FA39-4498-8B38-C5A50867A78A} = {B936CB30-521C-4C4E-98AA-D7A07862B34F}
	EndGlobalSection
	GlobalSection(ExtensibilityGlobals) = postSolution
		SolutionGuid = {D9F6563C-1B45-4893-926D-A89776D71155}
	EndGlobalSection
EndGlobal
