
Microsoft Visual Studio Solution File, Format Version 12.00
# Visual Studio 15
VisualStudioVersion = 15.0.25914.0
MinimumVisualStudioVersion = 10.0.40219.1
Project("{2150E333-8FDC-42A3-9474-1A3956D46DE8}") = "Interface", "Interface", "{CE3A7668-C38A-4012-9E59-E23723103E1E}"
EndProject
Project("{9A19103F-16F7-4668-BE54-9A1E7A4F7556}") = "MvvX.Plugins.Caching", "MvvX.Plugins.Caching\MvvX.Plugins.Caching.csproj", "{C46676C8-CF9D-4C24-8286-8A1D09C64B72}"
EndProject
Project("{2150E333-8FDC-42A3-9474-1A3956D46DE8}") = "Tests", "Tests", "{B936CB30-521C-4C4E-98AA-D7A07862B34F}"
EndProject
Project("{FAE04EC0-301F-11D3-BF4B-00C04F79EFBC}") = "MvvX.Plugins.Caching.Wpf.UnitTests", "MvvX.Plugins.Caching.Wpf.UnitTests\MvvX.Plugins.Caching.Wpf.UnitTests.csproj", "{16A9F501-F3CE-4B92-B5F5-2F6E4A71D8F8}"
EndProject
Global
	GlobalSection(SolutionConfigurationPlatforms) = preSolution
		Debug|Any CPU = Debug|Any CPU
		Release|Any CPU = Release|Any CPU
	EndGlobalSection
	GlobalSection(ProjectConfigurationPlatforms) = postSolution
		{C46676C8-CF9D-4C24-8286-8A1D09C64B72}.Debug|Any CPU.ActiveCfg = Debug|Any CPU
		{C46676C8-CF9D-4C24-8286-8A1D09C64B72}.Debug|Any CPU.Build.0 = Debug|Any CPU
		{C46676C8-CF9D-4C24-8286-8A1D09C64B72}.Release|Any CPU.ActiveCfg = Release|Any CPU
		{C46676C8-CF9D-4C24-8286-8A1D09C64B72}.Release|Any CPU.Build.0 = Release|Any CPU
		{16A9F501-F3CE-4B92-B5F5-2F6E4A71D8F8}.Debug|Any CPU.ActiveCfg = Debug|Any CPU
		{16A9F501-F3CE-4B92-B5F5-2F6E4A71D8F8}.Debug|Any CPU.Build.0 = Debug|Any CPU
		{16A9F501-F3CE-4B92-B5F5-2F6E4A71D8F8}.Release|Any CPU.ActiveCfg = Release|Any CPU
		{16A9F501-F3CE-4B92-B5F5-2F6E4A71D8F8}.Release|Any CPU.Build.0 = Release|Any CPU
	EndGlobalSection
	GlobalSection(SolutionProperties) = preSolution
		HideSolutionNode = FALSE
	EndGlobalSection
	GlobalSection(NestedProjects) = preSolution
		{C46676C8-CF9D-4C24-8286-8A1D09C64B72} = {CE3A7668-C38A-4012-9E59-E23723103E1E}
		{16A9F501-F3CE-4B92-B5F5-2F6E4A71D8F8} = {B936CB30-521C-4C4E-98AA-D7A07862B34F}
	EndGlobalSection
	GlobalSection(ExtensibilityGlobals) = postSolution
		SolutionGuid = {D9F6563C-1B45-4893-926D-A89776D71155}
	EndGlobalSection
EndGlobal
